
Microsoft Visual Studio Solution File, Format Version 12.00
# Visual Studio Version 16
VisualStudioVersion = 16.0.30717.126
MinimumVisualStudioVersion = 10.0.40219.1
Project("{FAE04EC0-301F-11D3-BF4B-00C04F79EFBC}") = "WebApiH", "WebApiH.csproj", "{9B3B155F-CA4C-4B14-9DC4-1B488F382006}"
EndProject
Global
	GlobalSection(SolutionConfigurationPlatforms) = preSolution
		Debug|Any CPU = Debug|Any CPU
		Release|Any CPU = Release|Any CPU
	EndGlobalSection
	GlobalSection(ProjectConfigurationPlatforms) = postSolution
		{9B3B155F-CA4C-4B14-9DC4-1B488F382006}.Debug|Any CPU.ActiveCfg = Debug|Any CPU
		{9B3B155F-CA4C-4B14-9DC4-1B488F382006}.Debug|Any CPU.Build.0 = Debug|Any CPU
		{9B3B155F-CA4C-4B14-9DC4-1B488F382006}.Release|Any CPU.ActiveCfg = Release|Any CPU
		{9B3B155F-CA4C-4B14-9DC4-1B488F382006}.Release|Any CPU.Build.0 = Release|Any CPU
	EndGlobalSection
	GlobalSection(SolutionProperties) = preSolution
		HideSolutionNode = FALSE
	EndGlobalSection
	GlobalSection(ExtensibilityGlobals) = postSolution
		SolutionGuid = {672F5290-6A57-4E80-A8F0-A56BD3BBF0EE}
	EndGlobalSection
EndGlobal
